
Microsoft Visual Studio Solution File, Format Version 12.00
# Visual Studio Version 16
VisualStudioVersion = 16.0.32228.343
MinimumVisualStudioVersion = 10.0.40219.1
Project("{2150E333-8FDC-42A3-9474-1A3956D46DE8}") = "Chapter02", "Chapter02", "{FD4DF642-D191-4ED7-BFEC-BE3E2CFB0C61}"
EndProject
Project("{FAE04EC0-301F-11D3-BF4B-00C04F79EFBC}") = "DistanceConverter", "Chapter02\DistanceConverter\DistanceConverter.csproj", "{826793D6-6DC1-4462-BAA2-2C691957562D}"
EndProject
Project("{FAE04EC0-301F-11D3-BF4B-00C04F79EFBC}") = "SalesCalculator", "Chapter02\SalesCalculator\SalesCalculator.csproj", "{312852CD-E2B5-4572-B38A-BB02FCA24EBB}"
EndProject
Project("{FAE04EC0-301F-11D3-BF4B-00C04F79EFBC}") = "Exercise", "Chapter02\Exercise\Exercise.csproj", "{25B61F19-1568-4E5E-954A-5C70D10826AF}"
EndProject
Project("{FAE04EC0-301F-11D3-BF4B-00C04F79EFBC}") = "Exercise02", "Chapter02\Exercise02\Exercise02.csproj", "{BA16D077-C5BE-474B-B6B6-9533374EC49F}"
EndProject
Project("{FAE04EC0-301F-11D3-BF4B-00C04F79EFBC}") = "Exercise03", "Chapter02\Exercise03\Exercise03.csproj", "{42A066B6-2C24-44E1-A749-E53AE4F6AF60}"
EndProject
Project("{FAE04EC0-301F-11D3-BF4B-00C04F79EFBC}") = "Section01", "Chapter03\Section01\Section01.csproj", "{C617FDC1-DDFA-485A-B18E-3F101D329A52}"
EndProject
Project("{2150E333-8FDC-42A3-9474-1A3956D46DE8}") = "Chapter03", "Chapter03", "{8CF62ADF-23AD-46B1-A7B7-2FED74DF2E84}"
EndProject
Project("{FAE04EC0-301F-11D3-BF4B-00C04F79EFBC}") = "Exercise01", "Chapter03\Exercise01\Exercise01.csproj", "{B42D4C68-D2EA-4CE5-B8CD-3B68DF38B8C1}"
EndProject
Project("{FAE04EC0-301F-11D3-BF4B-00C04F79EFBC}") = "Section04", "Chapter03\Section04\Section04.csproj", "{CF10036F-5329-449B-8744-F33F18730173}"
EndProject
Project("{FAE04EC0-301F-11D3-BF4B-00C04F79EFBC}") = "Exercise02", "Chapter03\Exercise02\Exercise02.csproj", "{AD743ED9-D3BA-425B-AFEB-8DA1EC29B7B9}"
EndProject
Project("{2150E333-8FDC-42A3-9474-1A3956D46DE8}") = "Chapter04", "Chapter04", "{3F9537C9-C844-4A7F-BF77-9777BDD01524}"
EndProject
Project("{FAE04EC0-301F-11D3-BF4B-00C04F79EFBC}") = "Exercise01", "Chapter04\Exercise01\Exercise01.csproj", "{DC1473D9-A9C8-4259-9B46-D25E81D6151B}"
EndProject
Project("{FAE04EC0-301F-11D3-BF4B-00C04F79EFBC}") = "Exercise02", "Chapter04\Exercise02\Exercise02.csproj", "{C795654A-1812-4AF4-8FDF-462A31EC05EB}"
EndProject
Project("{2150E333-8FDC-42A3-9474-1A3956D46DE8}") = "Chapter05", "Chapter05", "{47281AE1-DABD-443E-AC6D-1CBC5E542D73}"
EndProject
Project("{FAE04EC0-301F-11D3-BF4B-00C04F79EFBC}") = "Exercise01", "Chapter05\Exercise01\Exercise01.csproj", "{6165E3A5-E04E-4A69-8245-02487A85C602}"
EndProject
Project("{FAE04EC0-301F-11D3-BF4B-00C04F79EFBC}") = "Exercise02", "Chapter05\Exercise02\Exercise02.csproj", "{74372B18-7C6E-42D5-94C2-1964ED64001D}"
EndProject
Project("{FAE04EC0-301F-11D3-BF4B-00C04F79EFBC}") = "Exercise03", "Chapter05\Exercise03\Exercise03.csproj", "{E760D167-E59B-40E6-87E9-57F61A9449FF}"
EndProject
Project("{FAE04EC0-301F-11D3-BF4B-00C04F79EFBC}") = "Exercise04", "Chapter05\Exercise04\Exercise04.csproj", "{7C894129-8AB0-4E94-9C44-0DCA4F581FA2}"
EndProject
Project("{2150E333-8FDC-42A3-9474-1A3956D46DE8}") = "Chapter06", "Chapter06", "{7BBA88FE-5EB6-454C-8FDF-0C91CDF573CD}"
EndProject
Project("{FAE04EC0-301F-11D3-BF4B-00C04F79EFBC}") = "Exercise01", "Chapter06\Exercise01\Exercise01.csproj", "{61A2B834-3E25-4F4D-92D2-193EABE2FA4A}"
EndProject
Project("{FAE04EC0-301F-11D3-BF4B-00C04F79EFBC}") = "Exercise02", "Chapter06\Exercise02\Exercise02.csproj", "{DE788F8B-C1B3-414B-AA2D-6B645FCE5B52}"
EndProject
Project("{2150E333-8FDC-42A3-9474-1A3956D46DE8}") = "FormAppSample", "FormAppSample", "{7F2AB9BB-1AB8-4C76-BC4F-453736C49BF4}"
EndProject
Project("{FAE04EC0-301F-11D3-BF4B-00C04F79EFBC}") = "Sample0603", "FormAppSample\Sample0603\Sample0603.csproj", "{3C012F0C-A107-4056-A871-403A745A6531}"
EndProject
Project("{FAE04EC0-301F-11D3-BF4B-00C04F79EFBC}") = "Sample0607", "FormAppSample\Sample0607\Sample0607.csproj", "{CC7244FD-387A-453E-B802-540E3F738B5B}"
EndProject
Global
	GlobalSection(SolutionConfigurationPlatforms) = preSolution
		Debug|Any CPU = Debug|Any CPU
		Release|Any CPU = Release|Any CPU
	EndGlobalSection
	GlobalSection(ProjectConfigurationPlatforms) = postSolution
		{826793D6-6DC1-4462-BAA2-2C691957562D}.Debug|Any CPU.ActiveCfg = Debug|Any CPU
		{826793D6-6DC1-4462-BAA2-2C691957562D}.Debug|Any CPU.Build.0 = Debug|Any CPU
		{826793D6-6DC1-4462-BAA2-2C691957562D}.Release|Any CPU.ActiveCfg = Release|Any CPU
		{826793D6-6DC1-4462-BAA2-2C691957562D}.Release|Any CPU.Build.0 = Release|Any CPU
		{312852CD-E2B5-4572-B38A-BB02FCA24EBB}.Debug|Any CPU.ActiveCfg = Debug|Any CPU
		{312852CD-E2B5-4572-B38A-BB02FCA24EBB}.Debug|Any CPU.Build.0 = Debug|Any CPU
		{312852CD-E2B5-4572-B38A-BB02FCA24EBB}.Release|Any CPU.ActiveCfg = Release|Any CPU
		{312852CD-E2B5-4572-B38A-BB02FCA24EBB}.Release|Any CPU.Build.0 = Release|Any CPU
		{25B61F19-1568-4E5E-954A-5C70D10826AF}.Debug|Any CPU.ActiveCfg = Debug|Any CPU
		{25B61F19-1568-4E5E-954A-5C70D10826AF}.Debug|Any CPU.Build.0 = Debug|Any CPU
		{25B61F19-1568-4E5E-954A-5C70D10826AF}.Release|Any CPU.ActiveCfg = Release|Any CPU
		{25B61F19-1568-4E5E-954A-5C70D10826AF}.Release|Any CPU.Build.0 = Release|Any CPU
		{BA16D077-C5BE-474B-B6B6-9533374EC49F}.Debug|Any CPU.ActiveCfg = Debug|Any CPU
		{BA16D077-C5BE-474B-B6B6-9533374EC49F}.Debug|Any CPU.Build.0 = Debug|Any CPU
		{BA16D077-C5BE-474B-B6B6-9533374EC49F}.Release|Any CPU.ActiveCfg = Release|Any CPU
		{BA16D077-C5BE-474B-B6B6-9533374EC49F}.Release|Any CPU.Build.0 = Release|Any CPU
		{42A066B6-2C24-44E1-A749-E53AE4F6AF60}.Debug|Any CPU.ActiveCfg = Debug|Any CPU
		{42A066B6-2C24-44E1-A749-E53AE4F6AF60}.Debug|Any CPU.Build.0 = Debug|Any CPU
		{42A066B6-2C24-44E1-A749-E53AE4F6AF60}.Release|Any CPU.ActiveCfg = Release|Any CPU
		{42A066B6-2C24-44E1-A749-E53AE4F6AF60}.Release|Any CPU.Build.0 = Release|Any CPU
		{C617FDC1-DDFA-485A-B18E-3F101D329A52}.Debug|Any CPU.ActiveCfg = Debug|Any CPU
		{C617FDC1-DDFA-485A-B18E-3F101D329A52}.Debug|Any CPU.Build.0 = Debug|Any CPU
		{C617FDC1-DDFA-485A-B18E-3F101D329A52}.Release|Any CPU.ActiveCfg = Release|Any CPU
		{C617FDC1-DDFA-485A-B18E-3F101D329A52}.Release|Any CPU.Build.0 = Release|Any CPU
		{B42D4C68-D2EA-4CE5-B8CD-3B68DF38B8C1}.Debug|Any CPU.ActiveCfg = Debug|Any CPU
		{B42D4C68-D2EA-4CE5-B8CD-3B68DF38B8C1}.Debug|Any CPU.Build.0 = Debug|Any CPU
		{B42D4C68-D2EA-4CE5-B8CD-3B68DF38B8C1}.Release|Any CPU.ActiveCfg = Release|Any CPU
		{B42D4C68-D2EA-4CE5-B8CD-3B68DF38B8C1}.Release|Any CPU.Build.0 = Release|Any CPU
		{CF10036F-5329-449B-8744-F33F18730173}.Debug|Any CPU.ActiveCfg = Debug|Any CPU
		{CF10036F-5329-449B-8744-F33F18730173}.Debug|Any CPU.Build.0 = Debug|Any CPU
		{CF10036F-5329-449B-8744-F33F18730173}.Release|Any CPU.ActiveCfg = Release|Any CPU
		{CF10036F-5329-449B-8744-F33F18730173}.Release|Any CPU.Build.0 = Release|Any CPU
		{AD743ED9-D3BA-425B-AFEB-8DA1EC29B7B9}.Debug|Any CPU.ActiveCfg = Debug|Any CPU
		{AD743ED9-D3BA-425B-AFEB-8DA1EC29B7B9}.Debug|Any CPU.Build.0 = Debug|Any CPU
		{AD743ED9-D3BA-425B-AFEB-8DA1EC29B7B9}.Release|Any CPU.ActiveCfg = Release|Any CPU
		{AD743ED9-D3BA-425B-AFEB-8DA1EC29B7B9}.Release|Any CPU.Build.0 = Release|Any CPU
		{DC1473D9-A9C8-4259-9B46-D25E81D6151B}.Debug|Any CPU.ActiveCfg = Debug|Any CPU
		{DC1473D9-A9C8-4259-9B46-D25E81D6151B}.Debug|Any CPU.Build.0 = Debug|Any CPU
		{DC1473D9-A9C8-4259-9B46-D25E81D6151B}.Release|Any CPU.ActiveCfg = Release|Any CPU
		{DC1473D9-A9C8-4259-9B46-D25E81D6151B}.Release|Any CPU.Build.0 = Release|Any CPU
		{C795654A-1812-4AF4-8FDF-462A31EC05EB}.Debug|Any CPU.ActiveCfg = Debug|Any CPU
		{C795654A-1812-4AF4-8FDF-462A31EC05EB}.Debug|Any CPU.Build.0 = Debug|Any CPU
		{C795654A-1812-4AF4-8FDF-462A31EC05EB}.Release|Any CPU.ActiveCfg = Release|Any CPU
		{C795654A-1812-4AF4-8FDF-462A31EC05EB}.Release|Any CPU.Build.0 = Release|Any CPU
		{6165E3A5-E04E-4A69-8245-02487A85C602}.Debug|Any CPU.ActiveCfg = Debug|Any CPU
		{6165E3A5-E04E-4A69-8245-02487A85C602}.Debug|Any CPU.Build.0 = Debug|Any CPU
		{6165E3A5-E04E-4A69-8245-02487A85C602}.Release|Any CPU.ActiveCfg = Release|Any CPU
		{6165E3A5-E04E-4A69-8245-02487A85C602}.Release|Any CPU.Build.0 = Release|Any CPU
		{74372B18-7C6E-42D5-94C2-1964ED64001D}.Debug|Any CPU.ActiveCfg = Debug|Any CPU
		{74372B18-7C6E-42D5-94C2-1964ED64001D}.Debug|Any CPU.Build.0 = Debug|Any CPU
		{74372B18-7C6E-42D5-94C2-1964ED64001D}.Release|Any CPU.ActiveCfg = Release|Any CPU
		{74372B18-7C6E-42D5-94C2-1964ED64001D}.Release|Any CPU.Build.0 = Release|Any CPU
		{E760D167-E59B-40E6-87E9-57F61A9449FF}.Debug|Any CPU.ActiveCfg = Debug|Any CPU
		{E760D167-E59B-40E6-87E9-57F61A9449FF}.Debug|Any CPU.Build.0 = Debug|Any CPU
		{E760D167-E59B-40E6-87E9-57F61A9449FF}.Release|Any CPU.ActiveCfg = Release|Any CPU
		{E760D167-E59B-40E6-87E9-57F61A9449FF}.Release|Any CPU.Build.0 = Release|Any CPU
		{7C894129-8AB0-4E94-9C44-0DCA4F581FA2}.Debug|Any CPU.ActiveCfg = Debug|Any CPU
		{7C894129-8AB0-4E94-9C44-0DCA4F581FA2}.Debug|Any CPU.Build.0 = Debug|Any CPU
		{7C894129-8AB0-4E94-9C44-0DCA4F581FA2}.Release|Any CPU.ActiveCfg = Release|Any CPU
		{7C894129-8AB0-4E94-9C44-0DCA4F581FA2}.Release|Any CPU.Build.0 = Release|Any CPU
		{61A2B834-3E25-4F4D-92D2-193EABE2FA4A}.Debug|Any CPU.ActiveCfg = Debug|Any CPU
		{61A2B834-3E25-4F4D-92D2-193EABE2FA4A}.Debug|Any CPU.Build.0 = Debug|Any CPU
		{61A2B834-3E25-4F4D-92D2-193EABE2FA4A}.Release|Any CPU.ActiveCfg = Release|Any CPU
		{61A2B834-3E25-4F4D-92D2-193EABE2FA4A}.Release|Any CPU.Build.0 = Release|Any CPU
		{DE788F8B-C1B3-414B-AA2D-6B645FCE5B52}.Debug|Any CPU.ActiveCfg = Debug|Any CPU
		{DE788F8B-C1B3-414B-AA2D-6B645FCE5B52}.Debug|Any CPU.Build.0 = Debug|Any CPU
		{DE788F8B-C1B3-414B-AA2D-6B645FCE5B52}.Release|Any CPU.ActiveCfg = Release|Any CPU
		{DE788F8B-C1B3-414B-AA2D-6B645FCE5B52}.Release|Any CPU.Build.0 = Release|Any CPU
		{3C012F0C-A107-4056-A871-403A745A6531}.Debug|Any CPU.ActiveCfg = Debug|Any CPU
		{3C012F0C-A107-4056-A871-403A745A6531}.Debug|Any CPU.Build.0 = Debug|Any CPU
		{3C012F0C-A107-4056-A871-403A745A6531}.Release|Any CPU.ActiveCfg = Release|Any CPU
		{3C012F0C-A107-4056-A871-403A745A6531}.Release|Any CPU.Build.0 = Release|Any CPU
		{CC7244FD-387A-453E-B802-540E3F738B5B}.Debug|Any CPU.ActiveCfg = Debug|Any CPU
		{CC7244FD-387A-453E-B802-540E3F738B5B}.Debug|Any CPU.Build.0 = Debug|Any CPU
		{CC7244FD-387A-453E-B802-540E3F738B5B}.Release|Any CPU.ActiveCfg = Release|Any CPU
		{CC7244FD-387A-453E-B802-540E3F738B5B}.Release|Any CPU.Build.0 = Release|Any CPU
	EndGlobalSection
	GlobalSection(SolutionProperties) = preSolution
		HideSolutionNode = FALSE
	EndGlobalSection
	GlobalSection(NestedProjects) = preSolution
		{826793D6-6DC1-4462-BAA2-2C691957562D} = {FD4DF642-D191-4ED7-BFEC-BE3E2CFB0C61}
		{312852CD-E2B5-4572-B38A-BB02FCA24EBB} = {FD4DF642-D191-4ED7-BFEC-BE3E2CFB0C61}
		{25B61F19-1568-4E5E-954A-5C70D10826AF} = {FD4DF642-D191-4ED7-BFEC-BE3E2CFB0C61}
		{BA16D077-C5BE-474B-B6B6-9533374EC49F} = {FD4DF642-D191-4ED7-BFEC-BE3E2CFB0C61}
		{42A066B6-2C24-44E1-A749-E53AE4F6AF60} = {FD4DF642-D191-4ED7-BFEC-BE3E2CFB0C61}
		{C617FDC1-DDFA-485A-B18E-3F101D329A52} = {8CF62ADF-23AD-46B1-A7B7-2FED74DF2E84}
		{B42D4C68-D2EA-4CE5-B8CD-3B68DF38B8C1} = {8CF62ADF-23AD-46B1-A7B7-2FED74DF2E84}
		{CF10036F-5329-449B-8744-F33F18730173} = {8CF62ADF-23AD-46B1-A7B7-2FED74DF2E84}
		{AD743ED9-D3BA-425B-AFEB-8DA1EC29B7B9} = {8CF62ADF-23AD-46B1-A7B7-2FED74DF2E84}
		{DC1473D9-A9C8-4259-9B46-D25E81D6151B} = {3F9537C9-C844-4A7F-BF77-9777BDD01524}
		{C795654A-1812-4AF4-8FDF-462A31EC05EB} = {3F9537C9-C844-4A7F-BF77-9777BDD01524}
		{6165E3A5-E04E-4A69-8245-02487A85C602} = {47281AE1-DABD-443E-AC6D-1CBC5E542D73}
		{74372B18-7C6E-42D5-94C2-1964ED64001D} = {47281AE1-DABD-443E-AC6D-1CBC5E542D73}
		{E760D167-E59B-40E6-87E9-57F61A9449FF} = {47281AE1-DABD-443E-AC6D-1CBC5E542D73}
		{7C894129-8AB0-4E94-9C44-0DCA4F581FA2} = {47281AE1-DABD-443E-AC6D-1CBC5E542D73}
		{61A2B834-3E25-4F4D-92D2-193EABE2FA4A} = {7BBA88FE-5EB6-454C-8FDF-0C91CDF573CD}
		{DE788F8B-C1B3-414B-AA2D-6B645FCE5B52} = {7BBA88FE-5EB6-454C-8FDF-0C91CDF573CD}
		{3C012F0C-A107-4056-A871-403A745A6531} = {7F2AB9BB-1AB8-4C76-BC4F-453736C49BF4}
		{CC7244FD-387A-453E-B802-540E3F738B5B} = {7F2AB9BB-1AB8-4C76-BC4F-453736C49BF4}
	EndGlobalSection
	GlobalSection(ExtensibilityGlobals) = postSolution
		SolutionGuid = {B2288646-09B5-444D-B47E-93D02E677E4F}
	EndGlobalSection
EndGlobal
